
Microsoft Visual Studio Solution File, Format Version 12.00
# Visual Studio Version 17
VisualStudioVersion = 17.11.35327.3
MinimumVisualStudioVersion = 10.0.40219.1
Project("{2150E333-8FDC-42A3-9474-1A3956D46DE8}") = "src", "src", "{6FD8B27D-254D-404E-AB89-043930C6A713}"
EndProject
Project("{FAE04EC0-301F-11D3-BF4B-00C04F79EFBC}") = "HospitalManagementSystem.Web", "src\HospitalManagementSystem.Web\HospitalManagementSystem.Web.csproj", "{6B6CEBB0-D4E9-4A9E-B4B7-3F4DAAAC2580}"
EndProject
Project("{FAE04EC0-301F-11D3-BF4B-00C04F79EFBC}") = "HospitalManagementSystem.Application", "src\HospitalManagementSystem.Application\HospitalManagementSystem.Application.csproj", "{612C2E50-30D3-41D1-98C3-D28574D1C11E}"
EndProject
Project("{FAE04EC0-301F-11D3-BF4B-00C04F79EFBC}") = "HospitalManagementSystem.Domain", "src\HospitalManagementSystem.Domain\HospitalManagementSystem.Domain.csproj", "{52691D8A-1561-4FD0-B475-3DAB190AA0EF}"
EndProject
Project("{FAE04EC0-301F-11D3-BF4B-00C04F79EFBC}") = "HospitalManagementSystem.Infrastructure", "src\HospitalManagementSystem.Infrastructure\HospitalManagementSystem.Infrastructure.csproj", "{85E0933F-C3C1-4C11-918F-B78A3784C4CD}"
EndProject
Project("{FAE04EC0-301F-11D3-BF4B-00C04F79EFBC}") = "HospitalManagementSystem.Core", "src\HospitalManagementSystem.Core\HospitalManagementSystem.Core.csproj", "{704EA8DB-59D1-4690-B6D2-4A8CBBD59D24}"
EndProject
Global
	GlobalSection(SolutionConfigurationPlatforms) = preSolution
		Debug|Any CPU = Debug|Any CPU
		Release|Any CPU = Release|Any CPU
	EndGlobalSection
	GlobalSection(ProjectConfigurationPlatforms) = postSolution
		{6B6CEBB0-D4E9-4A9E-B4B7-3F4DAAAC2580}.Debug|Any CPU.ActiveCfg = Debug|Any CPU
		{6B6CEBB0-D4E9-4A9E-B4B7-3F4DAAAC2580}.Debug|Any CPU.Build.0 = Debug|Any CPU
		{6B6CEBB0-D4E9-4A9E-B4B7-3F4DAAAC2580}.Release|Any CPU.ActiveCfg = Release|Any CPU
		{6B6CEBB0-D4E9-4A9E-B4B7-3F4DAAAC2580}.Release|Any CPU.Build.0 = Release|Any CPU
		{612C2E50-30D3-41D1-98C3-D28574D1C11E}.Debug|Any CPU.ActiveCfg = Debug|Any CPU
		{612C2E50-30D3-41D1-98C3-D28574D1C11E}.Debug|Any CPU.Build.0 = Debug|Any CPU
		{612C2E50-30D3-41D1-98C3-D28574D1C11E}.Release|Any CPU.ActiveCfg = Release|Any CPU
		{612C2E50-30D3-41D1-98C3-D28574D1C11E}.Release|Any CPU.Build.0 = Release|Any CPU
		{52691D8A-1561-4FD0-B475-3DAB190AA0EF}.Debug|Any CPU.ActiveCfg = Debug|Any CPU
		{52691D8A-1561-4FD0-B475-3DAB190AA0EF}.Debug|Any CPU.Build.0 = Debug|Any CPU
		{52691D8A-1561-4FD0-B475-3DAB190AA0EF}.Release|Any CPU.ActiveCfg = Release|Any CPU
		{52691D8A-1561-4FD0-B475-3DAB190AA0EF}.Release|Any CPU.Build.0 = Release|Any CPU
		{85E0933F-C3C1-4C11-918F-B78A3784C4CD}.Debug|Any CPU.ActiveCfg = Debug|Any CPU
		{85E0933F-C3C1-4C11-918F-B78A3784C4CD}.Debug|Any CPU.Build.0 = Debug|Any CPU
		{85E0933F-C3C1-4C11-918F-B78A3784C4CD}.Release|Any CPU.ActiveCfg = Release|Any CPU
		{85E0933F-C3C1-4C11-918F-B78A3784C4CD}.Release|Any CPU.Build.0 = Release|Any CPU
		{704EA8DB-59D1-4690-B6D2-4A8CBBD59D24}.Debug|Any CPU.ActiveCfg = Debug|Any CPU
		{704EA8DB-59D1-4690-B6D2-4A8CBBD59D24}.Debug|Any CPU.Build.0 = Debug|Any CPU
		{704EA8DB-59D1-4690-B6D2-4A8CBBD59D24}.Release|Any CPU.ActiveCfg = Release|Any CPU
		{704EA8DB-59D1-4690-B6D2-4A8CBBD59D24}.Release|Any CPU.Build.0 = Release|Any CPU
	EndGlobalSection
	GlobalSection(SolutionProperties) = preSolution
		HideSolutionNode = FALSE
	EndGlobalSection
	GlobalSection(NestedProjects) = preSolution
		{6B6CEBB0-D4E9-4A9E-B4B7-3F4DAAAC2580} = {6FD8B27D-254D-404E-AB89-043930C6A713}
		{612C2E50-30D3-41D1-98C3-D28574D1C11E} = {6FD8B27D-254D-404E-AB89-043930C6A713}
		{52691D8A-1561-4FD0-B475-3DAB190AA0EF} = {6FD8B27D-254D-404E-AB89-043930C6A713}
		{85E0933F-C3C1-4C11-918F-B78A3784C4CD} = {6FD8B27D-254D-404E-AB89-043930C6A713}
		{704EA8DB-59D1-4690-B6D2-4A8CBBD59D24} = {6FD8B27D-254D-404E-AB89-043930C6A713}
	EndGlobalSection
	GlobalSection(ExtensibilityGlobals) = postSolution
		SolutionGuid = {9100C3F3-8A82-4CC3-99FE-853BBB18674B}
	EndGlobalSection
EndGlobal
